
Microsoft Visual Studio Solution File, Format Version 12.00
# Visual Studio 15
VisualStudioVersion = 15.0.27004.2002
MinimumVisualStudioVersion = 10.0.40219.1
Project("{FAE04EC0-301F-11D3-BF4B-00C04F79EFBC}") = "CollectionsImpl", "CollectionsImpl\CollectionsImpl.csproj", "{740C2372-858B-49A1-AB77-361BBE5AA335}"
EndProject
Global
	GlobalSection(SolutionConfigurationPlatforms) = preSolution
		Debug|Any CPU = Debug|Any CPU
		Release|Any CPU = Release|Any CPU
	EndGlobalSection
	GlobalSection(ProjectConfigurationPlatforms) = postSolution
		{740C2372-858B-49A1-AB77-361BBE5AA335}.Debug|Any CPU.ActiveCfg = Debug|Any CPU
		{740C2372-858B-49A1-AB77-361BBE5AA335}.Debug|Any CPU.Build.0 = Debug|Any CPU
		{740C2372-858B-49A1-AB77-361BBE5AA335}.Release|Any CPU.ActiveCfg = Release|Any CPU
		{740C2372-858B-49A1-AB77-361BBE5AA335}.Release|Any CPU.Build.0 = Release|Any CPU
	EndGlobalSection
	GlobalSection(SolutionProperties) = preSolution
		HideSolutionNode = FALSE
	EndGlobalSection
	GlobalSection(ExtensibilityGlobals) = postSolution
		SolutionGuid = {170FB855-5625-40FB-A062-4A7597352DB3}
	EndGlobalSection
EndGlobal
